// !$*UTF8*$!
{
	archiveVersion = 1;
	classes = {
	};
	objectVersion = 50;
	objects = {

/* Begin PBXBuildFile section */
		DD31B8D625CAD3EE006FEDCF /* VMessLinkApp.swift in Sources */ = {isa = PBXBuildFile; fileRef = DD31B8D525CAD3EE006FEDCF /* VMessLinkApp.swift */; };
		DD31B8D825CAD3EE006FEDCF /* ContentView.swift in Sources */ = {isa = PBXBuildFile; fileRef = DD31B8D725CAD3EE006FEDCF /* ContentView.swift */; };
		DD31B8DA25CAD3EF006FEDCF /* Assets.xcassets in Resources */ = {isa = PBXBuildFile; fileRef = DD31B8D925CAD3EF006FEDCF /* Assets.xcassets */; };
		DD31B8DD25CAD3EF006FEDCF /* Preview Assets.xcassets in Resources */ = {isa = PBXBuildFile; fileRef = DD31B8DC25CAD3EF006FEDCF /* Preview Assets.xcassets */; };
		DD31B8E825CAD431006FEDCF /* VMessModel.swift in Sources */ = {isa = PBXBuildFile; fileRef = DD31B8E725CAD431006FEDCF /* VMessModel.swift */; };
		DD31B8EB25CAD4A8006FEDCF /* Combobox.swift in Sources */ = {isa = PBXBuildFile; fileRef = DD31B8EA25CAD4A8006FEDCF /* Combobox.swift */; };
/* End PBXBuildFile section */

/* Begin PBXFileReference section */
		DD31B8D225CAD3EE006FEDCF /* VMessLink.app */ = {isa = PBXFileReference; explicitFileType = wrapper.application; includeInIndex = 0; path = VMessLink.app; sourceTree = BUILT_PRODUCTS_DIR; };
		DD31B8D525CAD3EE006FEDCF /* VMessLinkApp.swift */ = {isa = PBXFileReference; lastKnownFileType = sourcecode.swift; path = VMessLinkApp.swift; sourceTree = "<group>"; };
		DD31B8D725CAD3EE006FEDCF /* ContentView.swift */ = {isa = PBXFileReference; lastKnownFileType = sourcecode.swift; path = ContentView.swift; sourceTree = "<group>"; };
		DD31B8D925CAD3EF006FEDCF /* Assets.xcassets */ = {isa = PBXFileReference; lastKnownFileType = folder.assetcatalog; path = Assets.xcassets; sourceTree = "<group>"; };
		DD31B8DC25CAD3EF006FEDCF /* Preview Assets.xcassets */ = {isa = PBXFileReference; lastKnownFileType = folder.assetcatalog; path = "Preview Assets.xcassets"; sourceTree = "<group>"; };
		DD31B8DE25CAD3EF006FEDCF /* Info.plist */ = {isa = PBXFileReference; lastKnownFileType = text.plist.xml; path = Info.plist; sourceTree = "<group>"; };
		DD31B8DF25CAD3EF006FEDCF /* VMessLink.entitlements */ = {isa = PBXFileReference; lastKnownFileType = text.plist.entitlements; path = VMessLink.entitlements; sourceTree = "<group>"; };
		DD31B8E725CAD431006FEDCF /* VMessModel.swift */ = {isa = PBXFileReference; fileEncoding = 4; lastKnownFileType = sourcecode.swift; path = VMessModel.swift; sourceTree = "<group>"; };
		DD31B8EA25CAD4A8006FEDCF /* Combobox.swift */ = {isa = PBXFileReference; lastKnownFileType = sourcecode.swift; path = Combobox.swift; sourceTree = "<group>"; };
/* End PBXFileReference section */

/* Begin PBXFrameworksBuildPhase section */
		DD31B8CF25CAD3EE006FEDCF /* Frameworks */ = {
			isa = PBXFrameworksBuildPhase;
			buildActionMask = 2147483647;
			files = (
			);
			runOnlyForDeploymentPostprocessing = 0;
		};
/* End PBXFrameworksBuildPhase section */

/* Begin PBXGroup section */
		DD31B8C925CAD3EE006FEDCF = {
			isa = PBXGroup;
			children = (
				DD31B8D425CAD3EE006FEDCF /* VMessLink */,
				DD31B8D325CAD3EE006FEDCF /* Products */,
			);
			sourceTree = "<group>";
		};
		DD31B8D325CAD3EE006FEDCF /* Products */ = {
			isa = PBXGroup;
			children = (
				DD31B8D225CAD3EE006FEDCF /* VMessLink.app */,
			);
			name = Products;
			sourceTree = "<group>";
		};
		DD31B8D425CAD3EE006FEDCF /* VMessLink */ = {
			isa = PBXGroup;
			children = (
				DD31B8E625CAD420006FEDCF /* Model */,
				DD31B8D525CAD3EE006FEDCF /* VMessLinkApp.swift */,
				DD31B8D725CAD3EE006FEDCF /* ContentView.swift */,
				DD31B8D925CAD3EF006FEDCF /* Assets.xcassets */,
				DD31B8DE25CAD3EF006FEDCF /* Info.plist */,
				DD31B8DF25CAD3EF006FEDCF /* VMessLink.entitlements */,
				DD31B8DB25CAD3EF006FEDCF /* Preview Content */,
				DD31B8EA25CAD4A8006FEDCF /* Combobox.swift */,
			);
			path = VMessLink;
			sourceTree = "<group>";
		};
		DD31B8DB25CAD3EF006FEDCF /* Preview Content */ = {
			isa = PBXGroup;
			children = (
				DD31B8DC25CAD3EF006FEDCF /* Preview Assets.xcassets */,
			);
			path = "Preview Content";
			sourceTree = "<group>";
		};
		DD31B8E625CAD420006FEDCF /* Model */ = {
			isa = PBXGroup;
			children = (
				DD31B8E725CAD431006FEDCF /* VMessModel.swift */,
			);
			path = Model;
			sourceTree = "<group>";
		};
/* End PBXGroup section */

/* Begin PBXNativeTarget section */
		DD31B8D125CAD3EE006FEDCF /* VMessLink */ = {
			isa = PBXNativeTarget;
			buildConfigurationList = DD31B8E225CAD3EF006FEDCF /* Build configuration list for PBXNativeTarget "VMessLink" */;
			buildPhases = (
				DD31B8CE25CAD3EE006FEDCF /* Sources */,
				DD31B8CF25CAD3EE006FEDCF /* Frameworks */,
				DD31B8D025CAD3EE006FEDCF /* Resources */,
			);
			buildRules = (
			);
			dependencies = (
			);
			name = VMessLink;
			productName = VMessLink;
			productReference = DD31B8D225CAD3EE006FEDCF /* VMessLink.app */;
			productType = "com.apple.product-type.application";
		};
/* End PBXNativeTarget section */

/* Begin PBXProject section */
		DD31B8CA25CAD3EE006FEDCF /* Project object */ = {
			isa = PBXProject;
			attributes = {
				LastSwiftUpdateCheck = 1240;
				LastUpgradeCheck = 1240;
				TargetAttributes = {
					DD31B8D125CAD3EE006FEDCF = {
						CreatedOnToolsVersion = 12.4;
					};
				};
			};
			buildConfigurationList = DD31B8CD25CAD3EE006FEDCF /* Build configuration list for PBXProject "VMessLink" */;
			compatibilityVersion = "Xcode 9.3";
			developmentRegion = en;
			hasScannedForEncodings = 0;
			knownRegions = (
				en,
				Base,
			);
			mainGroup = DD31B8C925CAD3EE006FEDCF;
			productRefGroup = DD31B8D325CAD3EE006FEDCF /* Products */;
			projectDirPath = "";
			projectRoot = "";
			targets = (
				DD31B8D125CAD3EE006FEDCF /* VMessLink */,
			);
		};
/* End PBXProject section */

/* Begin PBXResourcesBuildPhase section */
		DD31B8D025CAD3EE006FEDCF /* Resources */ = {
			isa = PBXResourcesBuildPhase;
			buildActionMask = 2147483647;
			files = (
				DD31B8DD25CAD3EF006FEDCF /* Preview Assets.xcassets in Resources */,
				DD31B8DA25CAD3EF006FEDCF /* Assets.xcassets in Resources */,
			);
			runOnlyForDeploymentPostprocessing = 0;
		};
/* End PBXResourcesBuildPhase section */

/* Begin PBXSourcesBuildPhase section */
		DD31B8CE25CAD3EE006FEDCF /* Sources */ = {
			isa = PBXSourcesBuildPhase;
			buildActionMask = 2147483647;
			files = (
				DD31B8D825CAD3EE006FEDCF /* ContentView.swift in Sources */,
				DD31B8D625CAD3EE006FEDCF /* VMessLinkApp.swift in Sources */,
				DD31B8EB25CAD4A8006FEDCF /* Combobox.swift in Sources */,
				DD31B8E825CAD431006FEDCF /* VMessModel.swift in Sources */,
			);
			runOnlyForDeploymentPostprocessing = 0;
		};
/* End PBXSourcesBuildPhase section */

/* Begin XCBuildConfiguration section */
		DD31B8E025CAD3EF006FEDCF /* Debug */ = {
			isa = XCBuildConfiguration;
			buildSettings = {
				ALWAYS_SEARCH_USER_PATHS = NO;
				CLANG_ANALYZER_NONNULL = YES;
				CLANG_ANALYZER_NUMBER_OBJECT_CONVERSION = YES_AGGRESSIVE;
				CLANG_CXX_LANGUAGE_STANDARD = "gnu++14";
				CLANG_CXX_LIBRARY = "libc++";
				CLANG_ENABLE_MODULES = YES;
				CLANG_ENABLE_OBJC_ARC = YES;
				CLANG_ENABLE_OBJC_WEAK = YES;
				CLANG_WARN_BLOCK_CAPTURE_AUTORELEASING = YES;
				CLANG_WARN_BOOL_CONVERSION = YES;
				CLANG_WARN_COMMA = YES;
				CLANG_WARN_CONSTANT_CONVERSION = YES;
				CLANG_WARN_DEPRECATED_OBJC_IMPLEMENTATIONS = YES;
				CLANG_WARN_DIRECT_OBJC_ISA_USAGE = YES_ERROR;
				CLANG_WARN_DOCUMENTATION_COMMENTS = YES;
				CLANG_WARN_EMPTY_BODY = YES;
				CLANG_WARN_ENUM_CONVERSION = YES;
				CLANG_WARN_INFINITE_RECURSION = YES;
				CLANG_WARN_INT_CONVERSION = YES;
				CLANG_WARN_NON_LITERAL_NULL_CONVERSION = YES;
				CLANG_WARN_OBJC_IMPLICIT_RETAIN_SELF = YES;
				CLANG_WARN_OBJC_LITERAL_CONVERSION = YES;
				CLANG_WARN_OBJC_ROOT_CLASS = YES_ERROR;
				CLANG_WARN_QUOTED_INCLUDE_IN_FRAMEWORK_HEADER = YES;
				CLANG_WARN_RANGE_LOOP_ANALYSIS = YES;
				CLANG_WARN_STRICT_PROTOTYPES = YES;
				CLANG_WARN_SUSPICIOUS_MOVE = YES;
				CLANG_WARN_UNGUARDED_AVAILABILITY = YES_AGGRESSIVE;
				CLANG_WARN_UNREACHABLE_CODE = YES;
				CLANG_WARN__DUPLICATE_METHOD_MATCH = YES;
				COPY_PHASE_STRIP = NO;
				DEBUG_INFORMATION_FORMAT = dwarf;
				ENABLE_STRICT_OBJC_MSGSEND = YES;
				ENABLE_TESTABILITY = YES;
				GCC_C_LANGUAGE_STANDARD = gnu11;
				GCC_DYNAMIC_NO_PIC = NO;
				GCC_NO_COMMON_BLOCKS = YES;
				GCC_OPTIMIZATION_LEVEL = 0;
				GCC_PREPROCESSOR_DEFINITIONS = (
					"DEBUG=1",
					"$(inherited)",
				);
				GCC_WARN_64_TO_32_BIT_CONVERSION = YES;
				GCC_WARN_ABOUT_RETURN_TYPE = YES_ERROR;
				GCC_WARN_UNDECLARED_SELECTOR = YES;
				GCC_WARN_UNINITIALIZED_AUTOS = YES_AGGRESSIVE;
				GCC_WARN_UNUSED_FUNCTION = YES;
				GCC_WARN_UNUSED_VARIABLE = YES;
				MACOSX_DEPLOYMENT_TARGET = 11.1;
				MTL_ENABLE_DEBUG_INFO = INCLUDE_SOURCE;
				MTL_FAST_MATH = YES;
				ONLY_ACTIVE_ARCH = YES;
				SDKROOT = macosx;
				SWIFT_ACTIVE_COMPILATION_CONDITIONS = DEBUG;
				SWIFT_OPTIMIZATION_LEVEL = "-Onone";
			};
			name = Debug;
		};
		DD31B8E125CAD3EF006FEDCF /* Release */ = {
			isa = XCBuildConfiguration;
			buildSettings = {
				ALWAYS_SEARCH_USER_PATHS = NO;
				CLANG_ANALYZER_NONNULL = YES;
				CLANG_ANALYZER_NUMBER_OBJECT_CONVERSION = YES_AGGRESSIVE;
				CLANG_CXX_LANGUAGE_STANDARD = "gnu++14";
				CLANG_CXX_LIBRARY = "libc++";
				CLANG_ENABLE_MODULES = YES;
				CLANG_ENABLE_OBJC_ARC = YES;
				CLANG_ENABLE_OBJC_WEAK = YES;
				CLANG_WARN_BLOCK_CAPTURE_AUTORELEASING = YES;
				CLANG_WARN_BOOL_CONVERSION = YES;
				CLANG_WARN_COMMA = YES;
				CLANG_WARN_CONSTANT_CONVERSION = YES;
				CLANG_WARN_DEPRECATED_OBJC_IMPLEMENTATIONS = YES;
				CLANG_WARN_DIRECT_OBJC_ISA_USAGE = YES_ERROR;
				CLANG_WARN_DOCUMENTATION_COMMENTS = YES;
				CLANG_WARN_EMPTY_BODY = YES;
				CLANG_WARN_ENUM_CONVERSION = YES;
				CLANG_WARN_INFINITE_RECURSION = YES;
				CLANG_WARN_INT_CONVERSION = YES;
				CLANG_WARN_NON_LITERAL_NULL_CONVERSION = YES;
				CLANG_WARN_OBJC_IMPLICIT_RETAIN_SELF = YES;
				CLANG_WARN_OBJC_LITERAL_CONVERSION = YES;
				CLANG_WARN_OBJC_ROOT_CLASS = YES_ERROR;
				CLANG_WARN_QUOTED_INCLUDE_IN_FRAMEWORK_HEADER = YES;
				CLANG_WARN_RANGE_LOOP_ANALYSIS = YES;
				CLANG_WARN_STRICT_PROTOTYPES = YES;
				CLANG_WARN_SUSPICIOUS_MOVE = YES;
				CLANG_WARN_UNGUARDED_AVAILABILITY = YES_AGGRESSIVE;
				CLANG_WARN_UNREACHABLE_CODE = YES;
				CLANG_WARN__DUPLICATE_METHOD_MATCH = YES;
				COPY_PHASE_STRIP = NO;
				DEBUG_INFORMATION_FORMAT = "dwarf-with-dsym";
				ENABLE_NS_ASSERTIONS = NO;
				ENABLE_STRICT_OBJC_MSGSEND = YES;
				GCC_C_LANGUAGE_STANDARD = gnu11;
				GCC_NO_COMMON_BLOCKS = YES;
				GCC_WARN_64_TO_32_BIT_CONVERSION = YES;
				GCC_WARN_ABOUT_RETURN_TYPE = YES_ERROR;
				GCC_WARN_UNDECLARED_SELECTOR = YES;
				GCC_WARN_UNINITIALIZED_AUTOS = YES_AGGRESSIVE;
				GCC_WARN_UNUSED_FUNCTION = YES;
				GCC_WARN_UNUSED_VARIABLE = YES;
				MACOSX_DEPLOYMENT_TARGET = 11.1;
				MTL_ENABLE_DEBUG_INFO = NO;
				MTL_FAST_MATH = YES;
				SDKROOT = macosx;
				SWIFT_COMPILATION_MODE = wholemodule;
				SWIFT_OPTIMIZATION_LEVEL = "-O";
			};
			name = Release;
		};
		DD31B8E325CAD3EF006FEDCF /* Debug */ = {
			isa = XCBuildConfiguration;
			buildSettings = {
				ASSETCATALOG_COMPILER_APPICON_NAME = AppIcon;
				ASSETCATALOG_COMPILER_GLOBAL_ACCENT_COLOR_NAME = AccentColor;
				CODE_SIGN_ENTITLEMENTS = VMessLink/VMessLink.entitlements;
				CODE_SIGN_STYLE = Automatic;
				COMBINE_HIDPI_IMAGES = YES;
				DEVELOPMENT_ASSET_PATHS = "\"VMessLink/Preview Content\"";
				DEVELOPMENT_TEAM = N9K8TVA5CQ;
				ENABLE_HARDENED_RUNTIME = YES;
				ENABLE_PREVIEWS = YES;
				INFOPLIST_FILE = VMessLink/Info.plist;
				LD_RUNPATH_SEARCH_PATHS = (
					"$(inherited)",
					"@executable_path/../Frameworks",
				);
				MACOSX_DEPLOYMENT_TARGET = 11.0;
				PRODUCT_BUNDLE_IDENTIFIER = cn.firestudio.VMessLink;
				PRODUCT_NAME = "$(TARGET_NAME)";
				SWIFT_VERSION = 5.0;
			};
			name = Debug;
		};
		DD31B8E425CAD3EF006FEDCF /* Release */ = {
			isa = XCBuildConfiguration;
			buildSettings = {
				ASSETCATALOG_COMPILER_APPICON_NAME = AppIcon;
				ASSETCATALOG_COMPILER_GLOBAL_ACCENT_COLOR_NAME = AccentColor;
				CODE_SIGN_ENTITLEMENTS = VMessLink/VMessLink.entitlements;
				CODE_SIGN_STYLE = Automatic;
				COMBINE_HIDPI_IMAGES = YES;
				DEVELOPMENT_ASSET_PATHS = "\"VMessLink/Preview Content\"";
				DEVELOPMENT_TEAM = N9K8TVA5CQ;
				ENABLE_HARDENED_RUNTIME = YES;
				ENABLE_PREVIEWS = YES;
				INFOPLIST_FILE = VMessLink/Info.plist;
				LD_RUNPATH_SEARCH_PATHS = (
					"$(inherited)",
					"@executable_path/../Frameworks",
				);
				MACOSX_DEPLOYMENT_TARGET = 11.0;
				PRODUCT_BUNDLE_IDENTIFIER = cn.firestudio.VMessLink;
				PRODUCT_NAME = "$(TARGET_NAME)";
				SWIFT_VERSION = 5.0;
			};
			name = Release;
		};
/* End XCBuildConfiguration section */

/* Begin XCConfigurationList section */
		DD31B8CD25CAD3EE006FEDCF /* Build configuration list for PBXProject "VMessLink" */ = {
			isa = XCConfigurationList;
			buildConfigurations = (
				DD31B8E025CAD3EF006FEDCF /* Debug */,
				DD31B8E125CAD3EF006FEDCF /* Release */,
			);
			defaultConfigurationIsVisible = 0;
			defaultConfigurationName = Release;
		};
		DD31B8E225CAD3EF006FEDCF /* Build configuration list for PBXNativeTarget "VMessLink" */ = {
			isa = XCConfigurationList;
			buildConfigurations = (
				DD31B8E325CAD3EF006FEDCF /* Debug */,
				DD31B8E425CAD3EF006FEDCF /* Release */,
			);
			defaultConfigurationIsVisible = 0;
			defaultConfigurationName = Release;
		};
/* End XCConfigurationList section */
	};
	rootObject = DD31B8CA25CAD3EE006FEDCF /* Project object */;
}
